
Microsoft Visual Studio Solution File, Format Version 12.00
# Visual Studio Version 17
VisualStudioVersion = 17.8.34525.116
MinimumVisualStudioVersion = 10.0.40219.1
Project("{2150E333-8FDC-42A3-9474-1A3956D46DE8}") = "Solution Items", "Solution Items", "{FB09CE43-CD32-4A37-A767-FA7D80A7B36B}"
	ProjectSection(SolutionItems) = preProject
		..\HtmlPage1.html = ..\HtmlPage1.html
	EndProjectSection
EndProject
Global
	GlobalSection(SolutionProperties) = preSolution
		HideSolutionNode = FALSE
	EndGlobalSection
	GlobalSection(ExtensibilityGlobals) = postSolution
		SolutionGuid = {0F003757-4449-4391-9312-41D93428D158}
	EndGlobalSection
EndGlobal
